
Microsoft Visual Studio Solution File, Format Version 12.00
# Visual Studio Version 17
VisualStudioVersion = 17.11.35327.3
MinimumVisualStudioVersion = 10.0.40219.1
Project("{FAE04EC0-301F-11D3-BF4B-00C04F79EFBC}") = "kafkaNetConsumer", "kafkaNetConsumer.csproj", "{0D5F7759-2AA5-490D-B70E-C737BCE22B27}"
EndProject
Global
	GlobalSection(SolutionConfigurationPlatforms) = preSolution
		Debug|Any CPU = Debug|Any CPU
		Release|Any CPU = Release|Any CPU
	EndGlobalSection
	GlobalSection(ProjectConfigurationPlatforms) = postSolution
		{0D5F7759-2AA5-490D-B70E-C737BCE22B27}.Debug|Any CPU.ActiveCfg = Debug|Any CPU
		{0D5F7759-2AA5-490D-B70E-C737BCE22B27}.Debug|Any CPU.Build.0 = Debug|Any CPU
		{0D5F7759-2AA5-490D-B70E-C737BCE22B27}.Release|Any CPU.ActiveCfg = Release|Any CPU
		{0D5F7759-2AA5-490D-B70E-C737BCE22B27}.Release|Any CPU.Build.0 = Release|Any CPU
	EndGlobalSection
	GlobalSection(SolutionProperties) = preSolution
		HideSolutionNode = FALSE
	EndGlobalSection
	GlobalSection(ExtensibilityGlobals) = postSolution
		SolutionGuid = {13ED5058-1C49-4365-8537-9158B4CBADAA}
	EndGlobalSection
EndGlobal
